
Microsoft Visual Studio Solution File, Format Version 12.00
Project("{2150E333-8FDC-42A3-9474-1A3956D46DE8}") = "src", "src", "{A4C77F0B-32D9-46AB-941B-13F6BF831A2D}"
EndProject
Project("{2150E333-8FDC-42A3-9474-1A3956D46DE8}") = "tests", "tests", "{78A51A58-91FD-465C-A753-E0371418AFE6}"
EndProject
Project("{2150E333-8FDC-42A3-9474-1A3956D46DE8}") = "Core", "Core", "{11169A58-63F1-4147-97DB-EF3A7583E87F}"
EndProject
Project("{2150E333-8FDC-42A3-9474-1A3956D46DE8}") = "Api", "Api", "{0AAEE1FB-DFD1-48AE-9D51-C0682FFD433A}"
EndProject
Project("{2150E333-8FDC-42A3-9474-1A3956D46DE8}") = "Infrastructure", "Infrastructure", "{794C2DC2-762E-42D7-B923-C73893C1952D}"
EndProject
Project("{FAE04EC0-301F-11D3-BF4B-00C04F79EFBC}") = "AcmeCompany.Crm.Domain", "AcmeCompany.Crm.Domain\AcmeCompany.Crm.Domain.csproj", "{3DE2E26F-F4EF-4308-B793-0DB1683BB25F}"
EndProject
Project("{FAE04EC0-301F-11D3-BF4B-00C04F79EFBC}") = "AcmeCompany.Crm.Application", "AcmeCompany.Crm.Application\AcmeCompany.Crm.Application.csproj", "{4EBAC982-A577-42CC-90A2-F32CD26D4A0E}"
EndProject
Project("{FAE04EC0-301F-11D3-BF4B-00C04F79EFBC}") = "AcmeCompany.Crm.Persistence", "AcmeCompany.Crm.Persistence\AcmeCompany.Crm.Persistence.csproj", "{DAD79E54-4835-4B5E-990E-33C133A84C4E}"
EndProject
Project("{FAE04EC0-301F-11D3-BF4B-00C04F79EFBC}") = "AcmeCompany.Crm.WebApi", "AcmeCompany.Crm.WebApi\AcmeCompany.Crm.WebApi.csproj", "{B0FECCA8-64FD-4B3E-B99D-B4BDC11059DD}"
EndProject
Global
	GlobalSection(SolutionConfigurationPlatforms) = preSolution
		Debug|Any CPU = Debug|Any CPU
		Release|Any CPU = Release|Any CPU
	EndGlobalSection
	GlobalSection(NestedProjects) = preSolution
		{11169A58-63F1-4147-97DB-EF3A7583E87F} = {A4C77F0B-32D9-46AB-941B-13F6BF831A2D}
		{0AAEE1FB-DFD1-48AE-9D51-C0682FFD433A} = {A4C77F0B-32D9-46AB-941B-13F6BF831A2D}
		{794C2DC2-762E-42D7-B923-C73893C1952D} = {A4C77F0B-32D9-46AB-941B-13F6BF831A2D}
		{3DE2E26F-F4EF-4308-B793-0DB1683BB25F} = {11169A58-63F1-4147-97DB-EF3A7583E87F}
		{4EBAC982-A577-42CC-90A2-F32CD26D4A0E} = {11169A58-63F1-4147-97DB-EF3A7583E87F}
		{DAD79E54-4835-4B5E-990E-33C133A84C4E} = {794C2DC2-762E-42D7-B923-C73893C1952D}
		{B0FECCA8-64FD-4B3E-B99D-B4BDC11059DD} = {0AAEE1FB-DFD1-48AE-9D51-C0682FFD433A}
	EndGlobalSection
	GlobalSection(ProjectConfigurationPlatforms) = postSolution
		{3DE2E26F-F4EF-4308-B793-0DB1683BB25F}.Debug|Any CPU.ActiveCfg = Debug|Any CPU
		{3DE2E26F-F4EF-4308-B793-0DB1683BB25F}.Debug|Any CPU.Build.0 = Debug|Any CPU
		{3DE2E26F-F4EF-4308-B793-0DB1683BB25F}.Release|Any CPU.ActiveCfg = Release|Any CPU
		{3DE2E26F-F4EF-4308-B793-0DB1683BB25F}.Release|Any CPU.Build.0 = Release|Any CPU
		{4EBAC982-A577-42CC-90A2-F32CD26D4A0E}.Debug|Any CPU.ActiveCfg = Debug|Any CPU
		{4EBAC982-A577-42CC-90A2-F32CD26D4A0E}.Debug|Any CPU.Build.0 = Debug|Any CPU
		{4EBAC982-A577-42CC-90A2-F32CD26D4A0E}.Release|Any CPU.ActiveCfg = Release|Any CPU
		{4EBAC982-A577-42CC-90A2-F32CD26D4A0E}.Release|Any CPU.Build.0 = Release|Any CPU
		{DAD79E54-4835-4B5E-990E-33C133A84C4E}.Debug|Any CPU.ActiveCfg = Debug|Any CPU
		{DAD79E54-4835-4B5E-990E-33C133A84C4E}.Debug|Any CPU.Build.0 = Debug|Any CPU
		{DAD79E54-4835-4B5E-990E-33C133A84C4E}.Release|Any CPU.ActiveCfg = Release|Any CPU
		{DAD79E54-4835-4B5E-990E-33C133A84C4E}.Release|Any CPU.Build.0 = Release|Any CPU
		{B0FECCA8-64FD-4B3E-B99D-B4BDC11059DD}.Debug|Any CPU.ActiveCfg = Debug|Any CPU
		{B0FECCA8-64FD-4B3E-B99D-B4BDC11059DD}.Debug|Any CPU.Build.0 = Debug|Any CPU
		{B0FECCA8-64FD-4B3E-B99D-B4BDC11059DD}.Release|Any CPU.ActiveCfg = Release|Any CPU
		{B0FECCA8-64FD-4B3E-B99D-B4BDC11059DD}.Release|Any CPU.Build.0 = Release|Any CPU
	EndGlobalSection
EndGlobal
